
Microsoft Visual Studio Solution File, Format Version 12.00
# Visual Studio Version 17
VisualStudioVersion = 17.11.35327.3
MinimumVisualStudioVersion = 10.0.40219.1
Project("{FAE04EC0-301F-11D3-BF4B-00C04F79EFBC}") = "Practice2", "Practice2\Practice2.csproj", "{295EE406-5ADE-4A93-8B98-29BBB6F61018}"
EndProject
Global
	GlobalSection(SolutionConfigurationPlatforms) = preSolution
		Debug|Any CPU = Debug|Any CPU
		Release|Any CPU = Release|Any CPU
	EndGlobalSection
	GlobalSection(ProjectConfigurationPlatforms) = postSolution
		{295EE406-5ADE-4A93-8B98-29BBB6F61018}.Debug|Any CPU.ActiveCfg = Debug|Any CPU
		{295EE406-5ADE-4A93-8B98-29BBB6F61018}.Debug|Any CPU.Build.0 = Debug|Any CPU
		{295EE406-5ADE-4A93-8B98-29BBB6F61018}.Release|Any CPU.ActiveCfg = Release|Any CPU
		{295EE406-5ADE-4A93-8B98-29BBB6F61018}.Release|Any CPU.Build.0 = Release|Any CPU
	EndGlobalSection
	GlobalSection(SolutionProperties) = preSolution
		HideSolutionNode = FALSE
	EndGlobalSection
	GlobalSection(ExtensibilityGlobals) = postSolution
		SolutionGuid = {E6257895-E011-48FA-9077-11DA299AF0B8}
	EndGlobalSection
EndGlobal
