
Microsoft Visual Studio Solution File, Format Version 12.00
# Visual Studio Version 17
VisualStudioVersion = 17.11.35327.3
MinimumVisualStudioVersion = 10.0.40219.1
Project("{FAE04EC0-301F-11D3-BF4B-00C04F79EFBC}") = "Practice5", "Practice5\Practice5.csproj", "{700A083C-D669-4090-88C2-AB3B63CBE23C}"
EndProject
Global
	GlobalSection(SolutionConfigurationPlatforms) = preSolution
		Debug|Any CPU = Debug|Any CPU
		Release|Any CPU = Release|Any CPU
	EndGlobalSection
	GlobalSection(ProjectConfigurationPlatforms) = postSolution
		{700A083C-D669-4090-88C2-AB3B63CBE23C}.Debug|Any CPU.ActiveCfg = Debug|Any CPU
		{700A083C-D669-4090-88C2-AB3B63CBE23C}.Debug|Any CPU.Build.0 = Debug|Any CPU
		{700A083C-D669-4090-88C2-AB3B63CBE23C}.Release|Any CPU.ActiveCfg = Release|Any CPU
		{700A083C-D669-4090-88C2-AB3B63CBE23C}.Release|Any CPU.Build.0 = Release|Any CPU
	EndGlobalSection
	GlobalSection(SolutionProperties) = preSolution
		HideSolutionNode = FALSE
	EndGlobalSection
	GlobalSection(ExtensibilityGlobals) = postSolution
		SolutionGuid = {770AC6FF-5E34-4A89-968F-D43EDDD40107}
	EndGlobalSection
EndGlobal
