
Microsoft Visual Studio Solution File, Format Version 12.00
# Visual Studio Version 17
VisualStudioVersion = 17.11.35431.28
MinimumVisualStudioVersion = 10.0.40219.1
Project("{FAE04EC0-301F-11D3-BF4B-00C04F79EFBC}") = "Practice1", "Practice1\Practice1.csproj", "{821A3A7E-7475-47E0-9701-A2DC52E47C9D}"
EndProject
Global
	GlobalSection(SolutionConfigurationPlatforms) = preSolution
		Debug|Any CPU = Debug|Any CPU
		Release|Any CPU = Release|Any CPU
	EndGlobalSection
	GlobalSection(ProjectConfigurationPlatforms) = postSolution
		{821A3A7E-7475-47E0-9701-A2DC52E47C9D}.Debug|Any CPU.ActiveCfg = Debug|Any CPU
		{821A3A7E-7475-47E0-9701-A2DC52E47C9D}.Debug|Any CPU.Build.0 = Debug|Any CPU
		{821A3A7E-7475-47E0-9701-A2DC52E47C9D}.Release|Any CPU.ActiveCfg = Release|Any CPU
		{821A3A7E-7475-47E0-9701-A2DC52E47C9D}.Release|Any CPU.Build.0 = Release|Any CPU
	EndGlobalSection
	GlobalSection(SolutionProperties) = preSolution
		HideSolutionNode = FALSE
	EndGlobalSection
	GlobalSection(ExtensibilityGlobals) = postSolution
		SolutionGuid = {0934DF22-23B1-4094-B199-9B2C7C3F970F}
	EndGlobalSection
EndGlobal
