
Microsoft Visual Studio Solution File, Format Version 12.00
# Visual Studio Version 17
VisualStudioVersion = 17.11.35431.28
MinimumVisualStudioVersion = 10.0.40219.1
Project("{FAE04EC0-301F-11D3-BF4B-00C04F79EFBC}") = "Practice3_2", "Practice3_2\Practice3_2.csproj", "{70BF7809-22A7-45C9-AE11-BAB5C4130A6D}"
EndProject
Global
	GlobalSection(SolutionConfigurationPlatforms) = preSolution
		Debug|Any CPU = Debug|Any CPU
		Release|Any CPU = Release|Any CPU
	EndGlobalSection
	GlobalSection(ProjectConfigurationPlatforms) = postSolution
		{70BF7809-22A7-45C9-AE11-BAB5C4130A6D}.Debug|Any CPU.ActiveCfg = Debug|Any CPU
		{70BF7809-22A7-45C9-AE11-BAB5C4130A6D}.Debug|Any CPU.Build.0 = Debug|Any CPU
		{70BF7809-22A7-45C9-AE11-BAB5C4130A6D}.Release|Any CPU.ActiveCfg = Release|Any CPU
		{70BF7809-22A7-45C9-AE11-BAB5C4130A6D}.Release|Any CPU.Build.0 = Release|Any CPU
	EndGlobalSection
	GlobalSection(SolutionProperties) = preSolution
		HideSolutionNode = FALSE
	EndGlobalSection
	GlobalSection(ExtensibilityGlobals) = postSolution
		SolutionGuid = {4157F722-3F50-4475-9B12-F384F1CD0CD1}
	EndGlobalSection
EndGlobal
