
Microsoft Visual Studio Solution File, Format Version 12.00
# Visual Studio Version 17
VisualStudioVersion = 17.11.35327.3
MinimumVisualStudioVersion = 10.0.40219.1
Project("{FAE04EC0-301F-11D3-BF4B-00C04F79EFBC}") = "Practice5", "Practice5\Practice5.csproj", "{9CD43532-146B-4830-B0C5-8C94F5BBD39E}"
EndProject
Global
	GlobalSection(SolutionConfigurationPlatforms) = preSolution
		Debug|Any CPU = Debug|Any CPU
		Release|Any CPU = Release|Any CPU
	EndGlobalSection
	GlobalSection(ProjectConfigurationPlatforms) = postSolution
		{9CD43532-146B-4830-B0C5-8C94F5BBD39E}.Debug|Any CPU.ActiveCfg = Debug|Any CPU
		{9CD43532-146B-4830-B0C5-8C94F5BBD39E}.Debug|Any CPU.Build.0 = Debug|Any CPU
		{9CD43532-146B-4830-B0C5-8C94F5BBD39E}.Release|Any CPU.ActiveCfg = Release|Any CPU
		{9CD43532-146B-4830-B0C5-8C94F5BBD39E}.Release|Any CPU.Build.0 = Release|Any CPU
	EndGlobalSection
	GlobalSection(SolutionProperties) = preSolution
		HideSolutionNode = FALSE
	EndGlobalSection
	GlobalSection(ExtensibilityGlobals) = postSolution
		SolutionGuid = {6C505843-E39D-42BD-B02F-64654DE71316}
	EndGlobalSection
EndGlobal
