
Microsoft Visual Studio Solution File, Format Version 12.00
# Visual Studio Version 17
VisualStudioVersion = 17.11.35431.28
MinimumVisualStudioVersion = 10.0.40219.1
Project("{FAE04EC0-301F-11D3-BF4B-00C04F79EFBC}") = "BooksApi", "BooksApi\BooksApi.csproj", "{68ACC5BB-09C6-4DBC-BBE7-F3C7C8B5602A}"
EndProject
Project("{2150E333-8FDC-42A3-9474-1A3956D46DE8}") = "Source", "Source", "{6F5C3AF9-87FE-496F-A0F1-57174ED57BCD}"
EndProject
Project("{2150E333-8FDC-42A3-9474-1A3956D46DE8}") = "Core", "Core", "{F734533B-731E-4E46-B56A-4E8DE3751811}"
EndProject
Project("{2150E333-8FDC-42A3-9474-1A3956D46DE8}") = "Presentation", "Presentation", "{4BD6491C-B48D-4CF4-86AE-8ED8B8B2EDC2}"
EndProject
Project("{FAE04EC0-301F-11D3-BF4B-00C04F79EFBC}") = "BooksLibrary", "BooksLibrary\BooksLibrary.csproj", "{90A933F9-E025-480F-A737-D781DC97A9AA}"
EndProject
Global
	GlobalSection(SolutionConfigurationPlatforms) = preSolution
		Debug|Any CPU = Debug|Any CPU
		Release|Any CPU = Release|Any CPU
	EndGlobalSection
	GlobalSection(ProjectConfigurationPlatforms) = postSolution
		{68ACC5BB-09C6-4DBC-BBE7-F3C7C8B5602A}.Debug|Any CPU.ActiveCfg = Debug|Any CPU
		{68ACC5BB-09C6-4DBC-BBE7-F3C7C8B5602A}.Debug|Any CPU.Build.0 = Debug|Any CPU
		{68ACC5BB-09C6-4DBC-BBE7-F3C7C8B5602A}.Release|Any CPU.ActiveCfg = Release|Any CPU
		{68ACC5BB-09C6-4DBC-BBE7-F3C7C8B5602A}.Release|Any CPU.Build.0 = Release|Any CPU
		{90A933F9-E025-480F-A737-D781DC97A9AA}.Debug|Any CPU.ActiveCfg = Debug|Any CPU
		{90A933F9-E025-480F-A737-D781DC97A9AA}.Debug|Any CPU.Build.0 = Debug|Any CPU
		{90A933F9-E025-480F-A737-D781DC97A9AA}.Release|Any CPU.ActiveCfg = Release|Any CPU
		{90A933F9-E025-480F-A737-D781DC97A9AA}.Release|Any CPU.Build.0 = Release|Any CPU
	EndGlobalSection
	GlobalSection(SolutionProperties) = preSolution
		HideSolutionNode = FALSE
	EndGlobalSection
	GlobalSection(NestedProjects) = preSolution
		{68ACC5BB-09C6-4DBC-BBE7-F3C7C8B5602A} = {4BD6491C-B48D-4CF4-86AE-8ED8B8B2EDC2}
		{F734533B-731E-4E46-B56A-4E8DE3751811} = {6F5C3AF9-87FE-496F-A0F1-57174ED57BCD}
		{4BD6491C-B48D-4CF4-86AE-8ED8B8B2EDC2} = {6F5C3AF9-87FE-496F-A0F1-57174ED57BCD}
		{90A933F9-E025-480F-A737-D781DC97A9AA} = {F734533B-731E-4E46-B56A-4E8DE3751811}
	EndGlobalSection
	GlobalSection(ExtensibilityGlobals) = postSolution
		SolutionGuid = {57F6CD40-69D7-4CD1-B38E-F6CAAF009A38}
	EndGlobalSection
EndGlobal
