
Microsoft Visual Studio Solution File, Format Version 12.00
# Visual Studio Version 17
VisualStudioVersion = 17.11.35327.3
MinimumVisualStudioVersion = 10.0.40219.1
Project("{FAE04EC0-301F-11D3-BF4B-00C04F79EFBC}") = "Practice3", "Practice3\Practice3.csproj", "{77712CFC-9646-4A07-B559-C0602B072463}"
EndProject
Global
	GlobalSection(SolutionConfigurationPlatforms) = preSolution
		Debug|Any CPU = Debug|Any CPU
		Release|Any CPU = Release|Any CPU
	EndGlobalSection
	GlobalSection(ProjectConfigurationPlatforms) = postSolution
		{77712CFC-9646-4A07-B559-C0602B072463}.Debug|Any CPU.ActiveCfg = Debug|Any CPU
		{77712CFC-9646-4A07-B559-C0602B072463}.Debug|Any CPU.Build.0 = Debug|Any CPU
		{77712CFC-9646-4A07-B559-C0602B072463}.Release|Any CPU.ActiveCfg = Release|Any CPU
		{77712CFC-9646-4A07-B559-C0602B072463}.Release|Any CPU.Build.0 = Release|Any CPU
	EndGlobalSection
	GlobalSection(SolutionProperties) = preSolution
		HideSolutionNode = FALSE
	EndGlobalSection
	GlobalSection(ExtensibilityGlobals) = postSolution
		SolutionGuid = {EFA2D71C-A35F-47D9-A0CC-B8D32E0C47F2}
	EndGlobalSection
EndGlobal
