
Microsoft Visual Studio Solution File, Format Version 12.00
# Visual Studio Version 17
VisualStudioVersion = 17.11.35327.3
MinimumVisualStudioVersion = 10.0.40219.1
Project("{FAE04EC0-301F-11D3-BF4B-00C04F79EFBC}") = "Practice4", "Practice4\Practice4.csproj", "{779BF0B5-7266-4308-82D3-56CC01F2E464}"
EndProject
Global
	GlobalSection(SolutionConfigurationPlatforms) = preSolution
		Debug|Any CPU = Debug|Any CPU
		Release|Any CPU = Release|Any CPU
	EndGlobalSection
	GlobalSection(ProjectConfigurationPlatforms) = postSolution
		{779BF0B5-7266-4308-82D3-56CC01F2E464}.Debug|Any CPU.ActiveCfg = Debug|Any CPU
		{779BF0B5-7266-4308-82D3-56CC01F2E464}.Debug|Any CPU.Build.0 = Debug|Any CPU
		{779BF0B5-7266-4308-82D3-56CC01F2E464}.Release|Any CPU.ActiveCfg = Release|Any CPU
		{779BF0B5-7266-4308-82D3-56CC01F2E464}.Release|Any CPU.Build.0 = Release|Any CPU
	EndGlobalSection
	GlobalSection(SolutionProperties) = preSolution
		HideSolutionNode = FALSE
	EndGlobalSection
	GlobalSection(ExtensibilityGlobals) = postSolution
		SolutionGuid = {8A8A4D7C-3B5D-47CB-B66F-55F1777A7A35}
	EndGlobalSection
EndGlobal
