
Microsoft Visual Studio Solution File, Format Version 12.00
# Visual Studio Version 17
VisualStudioVersion = 17.11.35431.28
MinimumVisualStudioVersion = 10.0.40219.1
Project("{FAE04EC0-301F-11D3-BF4B-00C04F79EFBC}") = "Practice2", "Practice2\Practice2.csproj", "{FAD80ADE-4E39-46E7-991B-1063E0E362F7}"
EndProject
Global
	GlobalSection(SolutionConfigurationPlatforms) = preSolution
		Debug|Any CPU = Debug|Any CPU
		Release|Any CPU = Release|Any CPU
	EndGlobalSection
	GlobalSection(ProjectConfigurationPlatforms) = postSolution
		{FAD80ADE-4E39-46E7-991B-1063E0E362F7}.Debug|Any CPU.ActiveCfg = Debug|Any CPU
		{FAD80ADE-4E39-46E7-991B-1063E0E362F7}.Debug|Any CPU.Build.0 = Debug|Any CPU
		{FAD80ADE-4E39-46E7-991B-1063E0E362F7}.Release|Any CPU.ActiveCfg = Release|Any CPU
		{FAD80ADE-4E39-46E7-991B-1063E0E362F7}.Release|Any CPU.Build.0 = Release|Any CPU
	EndGlobalSection
	GlobalSection(SolutionProperties) = preSolution
		HideSolutionNode = FALSE
	EndGlobalSection
	GlobalSection(ExtensibilityGlobals) = postSolution
		SolutionGuid = {9109A163-92A6-4151-8E8D-2A47AAB8B75A}
	EndGlobalSection
EndGlobal
