
Microsoft Visual Studio Solution File, Format Version 12.00
# Visual Studio Version 17
VisualStudioVersion = 17.11.35327.3
MinimumVisualStudioVersion = 10.0.40219.1
Project("{FAE04EC0-301F-11D3-BF4B-00C04F79EFBC}") = "Practice5", "Practice5\Practice5.csproj", "{7777E13E-6ABE-4F14-AFF9-849EA10B5713}"
EndProject
Global
	GlobalSection(SolutionConfigurationPlatforms) = preSolution
		Debug|Any CPU = Debug|Any CPU
		Release|Any CPU = Release|Any CPU
	EndGlobalSection
	GlobalSection(ProjectConfigurationPlatforms) = postSolution
		{7777E13E-6ABE-4F14-AFF9-849EA10B5713}.Debug|Any CPU.ActiveCfg = Debug|Any CPU
		{7777E13E-6ABE-4F14-AFF9-849EA10B5713}.Debug|Any CPU.Build.0 = Debug|Any CPU
		{7777E13E-6ABE-4F14-AFF9-849EA10B5713}.Release|Any CPU.ActiveCfg = Release|Any CPU
		{7777E13E-6ABE-4F14-AFF9-849EA10B5713}.Release|Any CPU.Build.0 = Release|Any CPU
	EndGlobalSection
	GlobalSection(SolutionProperties) = preSolution
		HideSolutionNode = FALSE
	EndGlobalSection
	GlobalSection(ExtensibilityGlobals) = postSolution
		SolutionGuid = {1ECA7EB3-1FC5-45CA-8072-AA39028FC05D}
	EndGlobalSection
EndGlobal
