
Microsoft Visual Studio Solution File, Format Version 12.00
# Visual Studio Version 17
VisualStudioVersion = 17.11.35327.3
MinimumVisualStudioVersion = 10.0.40219.1
Project("{FAE04EC0-301F-11D3-BF4B-00C04F79EFBC}") = "Practice7", "Practice7\Practice7.csproj", "{67FAE918-D57B-4298-A1FA-CB3CFC76CE07}"
EndProject
Global
	GlobalSection(SolutionConfigurationPlatforms) = preSolution
		Debug|Any CPU = Debug|Any CPU
		Release|Any CPU = Release|Any CPU
	EndGlobalSection
	GlobalSection(ProjectConfigurationPlatforms) = postSolution
		{67FAE918-D57B-4298-A1FA-CB3CFC76CE07}.Debug|Any CPU.ActiveCfg = Debug|Any CPU
		{67FAE918-D57B-4298-A1FA-CB3CFC76CE07}.Debug|Any CPU.Build.0 = Debug|Any CPU
		{67FAE918-D57B-4298-A1FA-CB3CFC76CE07}.Release|Any CPU.ActiveCfg = Release|Any CPU
		{67FAE918-D57B-4298-A1FA-CB3CFC76CE07}.Release|Any CPU.Build.0 = Release|Any CPU
	EndGlobalSection
	GlobalSection(SolutionProperties) = preSolution
		HideSolutionNode = FALSE
	EndGlobalSection
	GlobalSection(ExtensibilityGlobals) = postSolution
		SolutionGuid = {EAC39F33-D09B-4F2F-8880-6CA83DE92C2E}
	EndGlobalSection
EndGlobal
