
Microsoft Visual Studio Solution File, Format Version 12.00
# Visual Studio Version 17
VisualStudioVersion = 17.11.35327.3
MinimumVisualStudioVersion = 10.0.40219.1
Project("{FAE04EC0-301F-11D3-BF4B-00C04F79EFBC}") = "Practice1", "Practice1\Practice1.csproj", "{6314EB1F-6E07-4DF5-B1AD-9722CDB33CF0}"
EndProject
Global
	GlobalSection(SolutionConfigurationPlatforms) = preSolution
		Debug|Any CPU = Debug|Any CPU
		Release|Any CPU = Release|Any CPU
	EndGlobalSection
	GlobalSection(ProjectConfigurationPlatforms) = postSolution
		{6314EB1F-6E07-4DF5-B1AD-9722CDB33CF0}.Debug|Any CPU.ActiveCfg = Debug|Any CPU
		{6314EB1F-6E07-4DF5-B1AD-9722CDB33CF0}.Debug|Any CPU.Build.0 = Debug|Any CPU
		{6314EB1F-6E07-4DF5-B1AD-9722CDB33CF0}.Release|Any CPU.ActiveCfg = Release|Any CPU
		{6314EB1F-6E07-4DF5-B1AD-9722CDB33CF0}.Release|Any CPU.Build.0 = Release|Any CPU
	EndGlobalSection
	GlobalSection(SolutionProperties) = preSolution
		HideSolutionNode = FALSE
	EndGlobalSection
	GlobalSection(ExtensibilityGlobals) = postSolution
		SolutionGuid = {B0B2B69E-88EE-43D9-85BF-B53FAAE0CDC7}
	EndGlobalSection
EndGlobal
