
Microsoft Visual Studio Solution File, Format Version 12.00
# Visual Studio Version 17
VisualStudioVersion = 17.11.35431.28
MinimumVisualStudioVersion = 10.0.40219.1
Project("{FAE04EC0-301F-11D3-BF4B-00C04F79EFBC}") = "Practice2", "Practice2\Practice2.csproj", "{D21BA854-705F-4853-8E6E-171A3C2A1911}"
EndProject
Global
	GlobalSection(SolutionConfigurationPlatforms) = preSolution
		Debug|Any CPU = Debug|Any CPU
		Release|Any CPU = Release|Any CPU
	EndGlobalSection
	GlobalSection(ProjectConfigurationPlatforms) = postSolution
		{D21BA854-705F-4853-8E6E-171A3C2A1911}.Debug|Any CPU.ActiveCfg = Debug|Any CPU
		{D21BA854-705F-4853-8E6E-171A3C2A1911}.Debug|Any CPU.Build.0 = Debug|Any CPU
		{D21BA854-705F-4853-8E6E-171A3C2A1911}.Release|Any CPU.ActiveCfg = Release|Any CPU
		{D21BA854-705F-4853-8E6E-171A3C2A1911}.Release|Any CPU.Build.0 = Release|Any CPU
	EndGlobalSection
	GlobalSection(SolutionProperties) = preSolution
		HideSolutionNode = FALSE
	EndGlobalSection
	GlobalSection(ExtensibilityGlobals) = postSolution
		SolutionGuid = {3719B14A-4AEA-499F-881C-AB6A635EEA1C}
	EndGlobalSection
EndGlobal
