
Microsoft Visual Studio Solution File, Format Version 12.00
# Visual Studio Version 17
VisualStudioVersion = 17.11.35327.3
MinimumVisualStudioVersion = 10.0.40219.1
Project("{FAE04EC0-301F-11D3-BF4B-00C04F79EFBC}") = "Practice4", "Practice4\Practice4.csproj", "{DDA69065-6E82-4427-B9F0-4B2F9D9DF147}"
EndProject
Global
	GlobalSection(SolutionConfigurationPlatforms) = preSolution
		Debug|Any CPU = Debug|Any CPU
		Release|Any CPU = Release|Any CPU
	EndGlobalSection
	GlobalSection(ProjectConfigurationPlatforms) = postSolution
		{DDA69065-6E82-4427-B9F0-4B2F9D9DF147}.Debug|Any CPU.ActiveCfg = Debug|Any CPU
		{DDA69065-6E82-4427-B9F0-4B2F9D9DF147}.Debug|Any CPU.Build.0 = Debug|Any CPU
		{DDA69065-6E82-4427-B9F0-4B2F9D9DF147}.Release|Any CPU.ActiveCfg = Release|Any CPU
		{DDA69065-6E82-4427-B9F0-4B2F9D9DF147}.Release|Any CPU.Build.0 = Release|Any CPU
	EndGlobalSection
	GlobalSection(SolutionProperties) = preSolution
		HideSolutionNode = FALSE
	EndGlobalSection
	GlobalSection(ExtensibilityGlobals) = postSolution
		SolutionGuid = {B0D53852-46D3-4D42-8106-37956AFF38D5}
	EndGlobalSection
EndGlobal
