
Microsoft Visual Studio Solution File, Format Version 12.00
# Visual Studio Version 17
VisualStudioVersion = 17.11.35431.28
MinimumVisualStudioVersion = 10.0.40219.1
Project("{FAE04EC0-301F-11D3-BF4B-00C04F79EFBC}") = "Practice2", "Practice2\Practice2.csproj", "{9D701CBB-93DB-4339-90B2-50AF245E7115}"
EndProject
Global
	GlobalSection(SolutionConfigurationPlatforms) = preSolution
		Debug|Any CPU = Debug|Any CPU
		Release|Any CPU = Release|Any CPU
	EndGlobalSection
	GlobalSection(ProjectConfigurationPlatforms) = postSolution
		{9D701CBB-93DB-4339-90B2-50AF245E7115}.Debug|Any CPU.ActiveCfg = Debug|Any CPU
		{9D701CBB-93DB-4339-90B2-50AF245E7115}.Debug|Any CPU.Build.0 = Debug|Any CPU
		{9D701CBB-93DB-4339-90B2-50AF245E7115}.Release|Any CPU.ActiveCfg = Release|Any CPU
		{9D701CBB-93DB-4339-90B2-50AF245E7115}.Release|Any CPU.Build.0 = Release|Any CPU
	EndGlobalSection
	GlobalSection(SolutionProperties) = preSolution
		HideSolutionNode = FALSE
	EndGlobalSection
	GlobalSection(ExtensibilityGlobals) = postSolution
		SolutionGuid = {9D9F3C33-4596-48AF-999A-929130D0A235}
	EndGlobalSection
EndGlobal
