
Microsoft Visual Studio Solution File, Format Version 12.00
# Visual Studio Version 17
VisualStudioVersion = 17.11.35431.28
MinimumVisualStudioVersion = 10.0.40219.1
Project("{FAE04EC0-301F-11D3-BF4B-00C04F79EFBC}") = "MultiTaskingPractice2", "MultiTaskingPractice2\MultiTaskingPractice2.csproj", "{880F4C42-1CC4-4627-B298-4964C0E58FCF}"
EndProject
Global
	GlobalSection(SolutionConfigurationPlatforms) = preSolution
		Debug|Any CPU = Debug|Any CPU
		Release|Any CPU = Release|Any CPU
	EndGlobalSection
	GlobalSection(ProjectConfigurationPlatforms) = postSolution
		{880F4C42-1CC4-4627-B298-4964C0E58FCF}.Debug|Any CPU.ActiveCfg = Debug|Any CPU
		{880F4C42-1CC4-4627-B298-4964C0E58FCF}.Debug|Any CPU.Build.0 = Debug|Any CPU
		{880F4C42-1CC4-4627-B298-4964C0E58FCF}.Release|Any CPU.ActiveCfg = Release|Any CPU
		{880F4C42-1CC4-4627-B298-4964C0E58FCF}.Release|Any CPU.Build.0 = Release|Any CPU
	EndGlobalSection
	GlobalSection(SolutionProperties) = preSolution
		HideSolutionNode = FALSE
	EndGlobalSection
	GlobalSection(ExtensibilityGlobals) = postSolution
		SolutionGuid = {223F0EDB-3949-4542-A344-400A4313FD39}
	EndGlobalSection
EndGlobal
